// !$*UTF8*$!
{
	archiveVersion = 1;
	classes = {
	};
	objectVersion = 50;
	objects = {

/* Begin PBXBuildFile section */
		6335157F2144BD1700A28320 /* AppDelegate.m in Sources */ = {isa = PBXBuildFile; fileRef = 6335157E2144BD1700A28320 /* AppDelegate.m */; };
		633515872144BD1800A28320 /* Assets.xcassets in Resources */ = {isa = PBXBuildFile; fileRef = 633515862144BD1800A28320 /* Assets.xcassets */; };
		6335158A2144BD1800A28320 /* LaunchScreen.storyboard in Resources */ = {isa = PBXBuildFile; fileRef = 633515882144BD1800A28320 /* LaunchScreen.storyboard */; };
		6335158D2144BD1800A28320 /* main.m in Sources */ = {isa = PBXBuildFile; fileRef = 6335158C2144BD1800A28320 /* main.m */; };
		633515962144BDB900A28320 /* CONMainMenuViewController.m in Sources */ = {isa = PBXBuildFile; fileRef = 633515952144BDB900A28320 /* CONMainMenuViewController.m */; };
		6335159A2144BE4600A28320 /* CONGameViewController.m in Sources */ = {isa = PBXBuildFile; fileRef = 633515992144BE4600A28320 /* CONGameViewController.m */; };
		6335159F2144C6A100A28320 /* CONCard.m in Sources */ = {isa = PBXBuildFile; fileRef = 6335159E2144C6A100A28320 /* CONCard.m */; };
		633515AC2144CB4700A28320 /* CONCardCollectionViewCell.m in Sources */ = {isa = PBXBuildFile; fileRef = 633515AB2144CB4700A28320 /* CONCardCollectionViewCell.m */; };
		633515B02144CDDA00A28320 /* UIColor+Random.m in Sources */ = {isa = PBXBuildFile; fileRef = 633515AF2144CDDA00A28320 /* UIColor+Random.m */; };
		633515B72144EEA300A28320 /* CONSelectLevelViewController.m in Sources */ = {isa = PBXBuildFile; fileRef = 633515B62144EEA300A28320 /* CONSelectLevelViewController.m */; };
		633515BA2144F65500A28320 /* CONPreviousScoreViewController.m in Sources */ = {isa = PBXBuildFile; fileRef = 633515B92144F65500A28320 /* CONPreviousScoreViewController.m */; };
		633515BD2144F68C00A28320 /* CONScoreTableViewCell.m in Sources */ = {isa = PBXBuildFile; fileRef = 633515BC2144F68C00A28320 /* CONScoreTableViewCell.m */; };
		633515C121459EFA00A28320 /* CONGameStateController.m in Sources */ = {isa = PBXBuildFile; fileRef = 633515C021459EFA00A28320 /* CONGameStateController.m */; };
		633515C42145AAF700A28320 /* CONScore.m in Sources */ = {isa = PBXBuildFile; fileRef = 633515C32145AAF700A28320 /* CONScore.m */; };
		633515C72145B1A300A28320 /* CONGameState.m in Sources */ = {isa = PBXBuildFile; fileRef = 633515C62145B1A300A28320 /* CONGameState.m */; };
		633515CA2145D46600A28320 /* CONNetworkingController.m in Sources */ = {isa = PBXBuildFile; fileRef = 633515C92145D46600A28320 /* CONNetworkingController.m */; };
		633515CD2145DBA200A28320 /* CONLoadingButton.m in Sources */ = {isa = PBXBuildFile; fileRef = 633515CC2145DBA200A28320 /* CONLoadingButton.m */; };
/* End PBXBuildFile section */

/* Begin PBXFileReference section */
		6335157A2144BD1700A28320 /* concentration.app */ = {isa = PBXFileReference; explicitFileType = wrapper.application; includeInIndex = 0; path = concentration.app; sourceTree = BUILT_PRODUCTS_DIR; };
		6335157D2144BD1700A28320 /* AppDelegate.h */ = {isa = PBXFileReference; lastKnownFileType = sourcecode.c.h; path = AppDelegate.h; sourceTree = "<group>"; };
		6335157E2144BD1700A28320 /* AppDelegate.m */ = {isa = PBXFileReference; lastKnownFileType = sourcecode.c.objc; path = AppDelegate.m; sourceTree = "<group>"; };
		633515862144BD1800A28320 /* Assets.xcassets */ = {isa = PBXFileReference; lastKnownFileType = folder.assetcatalog; path = Assets.xcassets; sourceTree = "<group>"; };
		633515892144BD1800A28320 /* Base */ = {isa = PBXFileReference; lastKnownFileType = file.storyboard; name = Base; path = Base.lproj/LaunchScreen.storyboard; sourceTree = "<group>"; };
		6335158B2144BD1800A28320 /* Info.plist */ = {isa = PBXFileReference; lastKnownFileType = text.plist.xml; path = Info.plist; sourceTree = "<group>"; };
		6335158C2144BD1800A28320 /* main.m */ = {isa = PBXFileReference; lastKnownFileType = sourcecode.c.objc; path = main.m; sourceTree = "<group>"; };
		633515942144BDB900A28320 /* CONMainMenuViewController.h */ = {isa = PBXFileReference; lastKnownFileType = sourcecode.c.h; path = CONMainMenuViewController.h; sourceTree = "<group>"; };
		633515952144BDB900A28320 /* CONMainMenuViewController.m */ = {isa = PBXFileReference; lastKnownFileType = sourcecode.c.objc; path = CONMainMenuViewController.m; sourceTree = "<group>"; };
		633515982144BE4600A28320 /* CONGameViewController.h */ = {isa = PBXFileReference; lastKnownFileType = sourcecode.c.h; path = CONGameViewController.h; sourceTree = "<group>"; };
		633515992144BE4600A28320 /* CONGameViewController.m */ = {isa = PBXFileReference; lastKnownFileType = sourcecode.c.objc; path = CONGameViewController.m; sourceTree = "<group>"; };
		6335159D2144C6A100A28320 /* CONCard.h */ = {isa = PBXFileReference; lastKnownFileType = sourcecode.c.h; path = CONCard.h; sourceTree = "<group>"; };
		6335159E2144C6A100A28320 /* CONCard.m */ = {isa = PBXFileReference; lastKnownFileType = sourcecode.c.objc; path = CONCard.m; sourceTree = "<group>"; };
		633515AA2144CB4700A28320 /* CONCardCollectionViewCell.h */ = {isa = PBXFileReference; lastKnownFileType = sourcecode.c.h; path = CONCardCollectionViewCell.h; sourceTree = "<group>"; };
		633515AB2144CB4700A28320 /* CONCardCollectionViewCell.m */ = {isa = PBXFileReference; lastKnownFileType = sourcecode.c.objc; path = CONCardCollectionViewCell.m; sourceTree = "<group>"; };
		633515AE2144CDDA00A28320 /* UIColor+Random.h */ = {isa = PBXFileReference; lastKnownFileType = sourcecode.c.h; path = "UIColor+Random.h"; sourceTree = "<group>"; };
		633515AF2144CDDA00A28320 /* UIColor+Random.m */ = {isa = PBXFileReference; lastKnownFileType = sourcecode.c.objc; path = "UIColor+Random.m"; sourceTree = "<group>"; };
		633515B52144EEA300A28320 /* CONSelectLevelViewController.h */ = {isa = PBXFileReference; lastKnownFileType = sourcecode.c.h; path = CONSelectLevelViewController.h; sourceTree = "<group>"; };
		633515B62144EEA300A28320 /* CONSelectLevelViewController.m */ = {isa = PBXFileReference; lastKnownFileType = sourcecode.c.objc; path = CONSelectLevelViewController.m; sourceTree = "<group>"; };
		633515B82144F65500A28320 /* CONPreviousScoreViewController.h */ = {isa = PBXFileReference; lastKnownFileType = sourcecode.c.h; path = CONPreviousScoreViewController.h; sourceTree = "<group>"; };
		633515B92144F65500A28320 /* CONPreviousScoreViewController.m */ = {isa = PBXFileReference; lastKnownFileType = sourcecode.c.objc; path = CONPreviousScoreViewController.m; sourceTree = "<group>"; };
		633515BB2144F68C00A28320 /* CONScoreTableViewCell.h */ = {isa = PBXFileReference; lastKnownFileType = sourcecode.c.h; path = CONScoreTableViewCell.h; sourceTree = "<group>"; };
		633515BC2144F68C00A28320 /* CONScoreTableViewCell.m */ = {isa = PBXFileReference; lastKnownFileType = sourcecode.c.objc; path = CONScoreTableViewCell.m; sourceTree = "<group>"; };
		633515BF21459EFA00A28320 /* CONGameStateController.h */ = {isa = PBXFileReference; lastKnownFileType = sourcecode.c.h; path = CONGameStateController.h; sourceTree = "<group>"; };
		633515C021459EFA00A28320 /* CONGameStateController.m */ = {isa = PBXFileReference; lastKnownFileType = sourcecode.c.objc; path = CONGameStateController.m; sourceTree = "<group>"; };
		633515C22145AAF700A28320 /* CONScore.h */ = {isa = PBXFileReference; lastKnownFileType = sourcecode.c.h; path = CONScore.h; sourceTree = "<group>"; };
		633515C32145AAF700A28320 /* CONScore.m */ = {isa = PBXFileReference; lastKnownFileType = sourcecode.c.objc; path = CONScore.m; sourceTree = "<group>"; };
		633515C52145B1A300A28320 /* CONGameState.h */ = {isa = PBXFileReference; lastKnownFileType = sourcecode.c.h; path = CONGameState.h; sourceTree = "<group>"; };
		633515C62145B1A300A28320 /* CONGameState.m */ = {isa = PBXFileReference; lastKnownFileType = sourcecode.c.objc; path = CONGameState.m; sourceTree = "<group>"; };
		633515C82145D46600A28320 /* CONNetworkingController.h */ = {isa = PBXFileReference; lastKnownFileType = sourcecode.c.h; path = CONNetworkingController.h; sourceTree = "<group>"; };
		633515C92145D46600A28320 /* CONNetworkingController.m */ = {isa = PBXFileReference; lastKnownFileType = sourcecode.c.objc; path = CONNetworkingController.m; sourceTree = "<group>"; };
		633515CB2145DBA200A28320 /* CONLoadingButton.h */ = {isa = PBXFileReference; lastKnownFileType = sourcecode.c.h; path = CONLoadingButton.h; sourceTree = "<group>"; };
		633515CC2145DBA200A28320 /* CONLoadingButton.m */ = {isa = PBXFileReference; lastKnownFileType = sourcecode.c.objc; path = CONLoadingButton.m; sourceTree = "<group>"; };
/* End PBXFileReference section */

/* Begin PBXFrameworksBuildPhase section */
		633515772144BD1700A28320 /* Frameworks */ = {
			isa = PBXFrameworksBuildPhase;
			buildActionMask = 2147483647;
			files = (
			);
			runOnlyForDeploymentPostprocessing = 0;
		};
/* End PBXFrameworksBuildPhase section */

/* Begin PBXGroup section */
		633515712144BD1700A28320 = {
			isa = PBXGroup;
			children = (
				6335157C2144BD1700A28320 /* concentration */,
				6335157B2144BD1700A28320 /* Products */,
			);
			sourceTree = "<group>";
		};
		6335157B2144BD1700A28320 /* Products */ = {
			isa = PBXGroup;
			children = (
				6335157A2144BD1700A28320 /* concentration.app */,
			);
			name = Products;
			sourceTree = "<group>";
		};
		6335157C2144BD1700A28320 /* concentration */ = {
			isa = PBXGroup;
			children = (
				633515BE21459EDD00A28320 /* Controllers */,
				633515AD2144CDC300A28320 /* Extensions */,
				6335159C2144C68700A28320 /* Views */,
				6335159B2144C67700A28320 /* Models */,
				633515932144BD8200A28320 /* View Controllers */,
				6335157D2144BD1700A28320 /* AppDelegate.h */,
				6335157E2144BD1700A28320 /* AppDelegate.m */,
				633515862144BD1800A28320 /* Assets.xcassets */,
				633515882144BD1800A28320 /* LaunchScreen.storyboard */,
				6335158B2144BD1800A28320 /* Info.plist */,
				6335158C2144BD1800A28320 /* main.m */,
			);
			path = concentration;
			sourceTree = "<group>";
		};
		633515932144BD8200A28320 /* View Controllers */ = {
			isa = PBXGroup;
			children = (
				633515942144BDB900A28320 /* CONMainMenuViewController.h */,
				633515952144BDB900A28320 /* CONMainMenuViewController.m */,
				633515982144BE4600A28320 /* CONGameViewController.h */,
				633515992144BE4600A28320 /* CONGameViewController.m */,
				633515B52144EEA300A28320 /* CONSelectLevelViewController.h */,
				633515B62144EEA300A28320 /* CONSelectLevelViewController.m */,
				633515B82144F65500A28320 /* CONPreviousScoreViewController.h */,
				633515B92144F65500A28320 /* CONPreviousScoreViewController.m */,
			);
			path = "View Controllers";
			sourceTree = "<group>";
		};
		6335159B2144C67700A28320 /* Models */ = {
			isa = PBXGroup;
			children = (
				6335159D2144C6A100A28320 /* CONCard.h */,
				6335159E2144C6A100A28320 /* CONCard.m */,
				633515C22145AAF700A28320 /* CONScore.h */,
				633515C32145AAF700A28320 /* CONScore.m */,
				633515C52145B1A300A28320 /* CONGameState.h */,
				633515C62145B1A300A28320 /* CONGameState.m */,
			);
			path = Models;
			sourceTree = "<group>";
		};
		6335159C2144C68700A28320 /* Views */ = {
			isa = PBXGroup;
			children = (
				633515AA2144CB4700A28320 /* CONCardCollectionViewCell.h */,
				633515AB2144CB4700A28320 /* CONCardCollectionViewCell.m */,
				633515BB2144F68C00A28320 /* CONScoreTableViewCell.h */,
				633515BC2144F68C00A28320 /* CONScoreTableViewCell.m */,
				633515CB2145DBA200A28320 /* CONLoadingButton.h */,
				633515CC2145DBA200A28320 /* CONLoadingButton.m */,
			);
			path = Views;
			sourceTree = "<group>";
		};
		633515AD2144CDC300A28320 /* Extensions */ = {
			isa = PBXGroup;
			children = (
				633515AE2144CDDA00A28320 /* UIColor+Random.h */,
				633515AF2144CDDA00A28320 /* UIColor+Random.m */,
			);
			path = Extensions;
			sourceTree = "<group>";
		};
		633515BE21459EDD00A28320 /* Controllers */ = {
			isa = PBXGroup;
			children = (
				633515BF21459EFA00A28320 /* CONGameStateController.h */,
				633515C021459EFA00A28320 /* CONGameStateController.m */,
				633515C82145D46600A28320 /* CONNetworkingController.h */,
				633515C92145D46600A28320 /* CONNetworkingController.m */,
			);
			path = Controllers;
			sourceTree = "<group>";
		};
/* End PBXGroup section */

/* Begin PBXNativeTarget section */
		633515792144BD1700A28320 /* concentration */ = {
			isa = PBXNativeTarget;
			buildConfigurationList = 633515902144BD1800A28320 /* Build configuration list for PBXNativeTarget "concentration" */;
			buildPhases = (
				633515762144BD1700A28320 /* Sources */,
				633515772144BD1700A28320 /* Frameworks */,
				633515782144BD1700A28320 /* Resources */,
			);
			buildRules = (
			);
			dependencies = (
			);
			name = concentration;
			productName = concentration;
			productReference = 6335157A2144BD1700A28320 /* concentration.app */;
			productType = "com.apple.product-type.application";
		};
/* End PBXNativeTarget section */

/* Begin PBXProject section */
		633515722144BD1700A28320 /* Project object */ = {
			isa = PBXProject;
			attributes = {
				LastUpgradeCheck = 0940;
				ORGANIZATIONNAME = "David Attaie";
				TargetAttributes = {
					633515792144BD1700A28320 = {
						CreatedOnToolsVersion = 9.4.1;
					};
				};
			};
			buildConfigurationList = 633515752144BD1700A28320 /* Build configuration list for PBXProject "concentration" */;
			compatibilityVersion = "Xcode 9.3";
			developmentRegion = en;
			hasScannedForEncodings = 0;
			knownRegions = (
				en,
				Base,
			);
			mainGroup = 633515712144BD1700A28320;
			productRefGroup = 6335157B2144BD1700A28320 /* Products */;
			projectDirPath = "";
			projectRoot = "";
			targets = (
				633515792144BD1700A28320 /* concentration */,
			);
		};
/* End PBXProject section */

/* Begin PBXResourcesBuildPhase section */
		633515782144BD1700A28320 /* Resources */ = {
			isa = PBXResourcesBuildPhase;
			buildActionMask = 2147483647;
			files = (
				6335158A2144BD1800A28320 /* LaunchScreen.storyboard in Resources */,
				633515872144BD1800A28320 /* Assets.xcassets in Resources */,
			);
			runOnlyForDeploymentPostprocessing = 0;
		};
/* End PBXResourcesBuildPhase section */

/* Begin PBXSourcesBuildPhase section */
		633515762144BD1700A28320 /* Sources */ = {
			isa = PBXSourcesBuildPhase;
			buildActionMask = 2147483647;
			files = (
				633515C72145B1A300A28320 /* CONGameState.m in Sources */,
				633515CD2145DBA200A28320 /* CONLoadingButton.m in Sources */,
				633515B72144EEA300A28320 /* CONSelectLevelViewController.m in Sources */,
				633515B02144CDDA00A28320 /* UIColor+Random.m in Sources */,
				6335158D2144BD1800A28320 /* main.m in Sources */,
				633515BD2144F68C00A28320 /* CONScoreTableViewCell.m in Sources */,
				633515BA2144F65500A28320 /* CONPreviousScoreViewController.m in Sources */,
				633515C42145AAF700A28320 /* CONScore.m in Sources */,
				633515AC2144CB4700A28320 /* CONCardCollectionViewCell.m in Sources */,
				633515CA2145D46600A28320 /* CONNetworkingController.m in Sources */,
				6335159F2144C6A100A28320 /* CONCard.m in Sources */,
				633515962144BDB900A28320 /* CONMainMenuViewController.m in Sources */,
				6335157F2144BD1700A28320 /* AppDelegate.m in Sources */,
				6335159A2144BE4600A28320 /* CONGameViewController.m in Sources */,
				633515C121459EFA00A28320 /* CONGameStateController.m in Sources */,
			);
			runOnlyForDeploymentPostprocessing = 0;
		};
/* End PBXSourcesBuildPhase section */

/* Begin PBXVariantGroup section */
		633515882144BD1800A28320 /* LaunchScreen.storyboard */ = {
			isa = PBXVariantGroup;
			children = (
				633515892144BD1800A28320 /* Base */,
			);
			name = LaunchScreen.storyboard;
			sourceTree = "<group>";
		};
/* End PBXVariantGroup section */

/* Begin XCBuildConfiguration section */
		6335158E2144BD1800A28320 /* Debug */ = {
			isa = XCBuildConfiguration;
			buildSettings = {
				ALWAYS_SEARCH_USER_PATHS = NO;
				CLANG_ANALYZER_NONNULL = YES;
				CLANG_ANALYZER_NUMBER_OBJECT_CONVERSION = YES_AGGRESSIVE;
				CLANG_CXX_LANGUAGE_STANDARD = "gnu++14";
				CLANG_CXX_LIBRARY = "libc++";
				CLANG_ENABLE_MODULES = YES;
				CLANG_ENABLE_OBJC_ARC = YES;
				CLANG_ENABLE_OBJC_WEAK = YES;
				CLANG_WARN_BLOCK_CAPTURE_AUTORELEASING = YES;
				CLANG_WARN_BOOL_CONVERSION = YES;
				CLANG_WARN_COMMA = YES;
				CLANG_WARN_CONSTANT_CONVERSION = YES;
				CLANG_WARN_DEPRECATED_OBJC_IMPLEMENTATIONS = YES;
				CLANG_WARN_DIRECT_OBJC_ISA_USAGE = YES_ERROR;
				CLANG_WARN_DOCUMENTATION_COMMENTS = YES;
				CLANG_WARN_EMPTY_BODY = YES;
				CLANG_WARN_ENUM_CONVERSION = YES;
				CLANG_WARN_INFINITE_RECURSION = YES;
				CLANG_WARN_INT_CONVERSION = YES;
				CLANG_WARN_NON_LITERAL_NULL_CONVERSION = YES;
				CLANG_WARN_OBJC_IMPLICIT_RETAIN_SELF = YES;
				CLANG_WARN_OBJC_LITERAL_CONVERSION = YES;
				CLANG_WARN_OBJC_ROOT_CLASS = YES_ERROR;
				CLANG_WARN_RANGE_LOOP_ANALYSIS = YES;
				CLANG_WARN_STRICT_PROTOTYPES = YES;
				CLANG_WARN_SUSPICIOUS_MOVE = YES;
				CLANG_WARN_UNGUARDED_AVAILABILITY = YES_AGGRESSIVE;
				CLANG_WARN_UNREACHABLE_CODE = YES;
				CLANG_WARN__DUPLICATE_METHOD_MATCH = YES;
				CODE_SIGN_IDENTITY = "iPhone Developer";
				COPY_PHASE_STRIP = NO;
				DEBUG_INFORMATION_FORMAT = dwarf;
				ENABLE_STRICT_OBJC_MSGSEND = YES;
				ENABLE_TESTABILITY = YES;
				GCC_C_LANGUAGE_STANDARD = gnu11;
				GCC_DYNAMIC_NO_PIC = NO;
				GCC_NO_COMMON_BLOCKS = YES;
				GCC_OPTIMIZATION_LEVEL = 0;
				GCC_PREPROCESSOR_DEFINITIONS = (
					"DEBUG=1",
					"$(inherited)",
				);
				GCC_WARN_64_TO_32_BIT_CONVERSION = YES;
				GCC_WARN_ABOUT_RETURN_TYPE = YES_ERROR;
				GCC_WARN_UNDECLARED_SELECTOR = YES;
				GCC_WARN_UNINITIALIZED_AUTOS = YES_AGGRESSIVE;
				GCC_WARN_UNUSED_FUNCTION = YES;
				GCC_WARN_UNUSED_VARIABLE = YES;
				IPHONEOS_DEPLOYMENT_TARGET = 11.4;
				MTL_ENABLE_DEBUG_INFO = YES;
				ONLY_ACTIVE_ARCH = YES;
				SDKROOT = iphoneos;
			};
			name = Debug;
		};
		6335158F2144BD1800A28320 /* Release */ = {
			isa = XCBuildConfiguration;
			buildSettings = {
				ALWAYS_SEARCH_USER_PATHS = NO;
				CLANG_ANALYZER_NONNULL = YES;
				CLANG_ANALYZER_NUMBER_OBJECT_CONVERSION = YES_AGGRESSIVE;
				CLANG_CXX_LANGUAGE_STANDARD = "gnu++14";
				CLANG_CXX_LIBRARY = "libc++";
				CLANG_ENABLE_MODULES = YES;
				CLANG_ENABLE_OBJC_ARC = YES;
				CLANG_ENABLE_OBJC_WEAK = YES;
				CLANG_WARN_BLOCK_CAPTURE_AUTORELEASING = YES;
				CLANG_WARN_BOOL_CONVERSION = YES;
				CLANG_WARN_COMMA = YES;
				CLANG_WARN_CONSTANT_CONVERSION = YES;
				CLANG_WARN_DEPRECATED_OBJC_IMPLEMENTATIONS = YES;
				CLANG_WARN_DIRECT_OBJC_ISA_USAGE = YES_ERROR;
				CLANG_WARN_DOCUMENTATION_COMMENTS = YES;
				CLANG_WARN_EMPTY_BODY = YES;
				CLANG_WARN_ENUM_CONVERSION = YES;
				CLANG_WARN_INFINITE_RECURSION = YES;
				CLANG_WARN_INT_CONVERSION = YES;
				CLANG_WARN_NON_LITERAL_NULL_CONVERSION = YES;
				CLANG_WARN_OBJC_IMPLICIT_RETAIN_SELF = YES;
				CLANG_WARN_OBJC_LITERAL_CONVERSION = YES;
				CLANG_WARN_OBJC_ROOT_CLASS = YES_ERROR;
				CLANG_WARN_RANGE_LOOP_ANALYSIS = YES;
				CLANG_WARN_STRICT_PROTOTYPES = YES;
				CLANG_WARN_SUSPICIOUS_MOVE = YES;
				CLANG_WARN_UNGUARDED_AVAILABILITY = YES_AGGRESSIVE;
				CLANG_WARN_UNREACHABLE_CODE = YES;
				CLANG_WARN__DUPLICATE_METHOD_MATCH = YES;
				CODE_SIGN_IDENTITY = "iPhone Developer";
				COPY_PHASE_STRIP = NO;
				DEBUG_INFORMATION_FORMAT = "dwarf-with-dsym";
				ENABLE_NS_ASSERTIONS = NO;
				ENABLE_STRICT_OBJC_MSGSEND = YES;
				GCC_C_LANGUAGE_STANDARD = gnu11;
				GCC_NO_COMMON_BLOCKS = YES;
				GCC_WARN_64_TO_32_BIT_CONVERSION = YES;
				GCC_WARN_ABOUT_RETURN_TYPE = YES_ERROR;
				GCC_WARN_UNDECLARED_SELECTOR = YES;
				GCC_WARN_UNINITIALIZED_AUTOS = YES_AGGRESSIVE;
				GCC_WARN_UNUSED_FUNCTION = YES;
				GCC_WARN_UNUSED_VARIABLE = YES;
				IPHONEOS_DEPLOYMENT_TARGET = 11.4;
				MTL_ENABLE_DEBUG_INFO = NO;
				SDKROOT = iphoneos;
				VALIDATE_PRODUCT = YES;
			};
			name = Release;
		};
		633515912144BD1800A28320 /* Debug */ = {
			isa = XCBuildConfiguration;
			buildSettings = {
				ASSETCATALOG_COMPILER_APPICON_NAME = AppIcon;
				CODE_SIGN_STYLE = Automatic;
				DEVELOPMENT_TEAM = 4QK9VWL9SR;
				INFOPLIST_FILE = concentration/Info.plist;
				LD_RUNPATH_SEARCH_PATHS = (
					"$(inherited)",
					"@executable_path/Frameworks",
				);
				PRODUCT_BUNDLE_IDENTIFIER = davidattaie.concentration;
				PRODUCT_NAME = "$(TARGET_NAME)";
				TARGETED_DEVICE_FAMILY = "1,2";
			};
			name = Debug;
		};
		633515922144BD1800A28320 /* Release */ = {
			isa = XCBuildConfiguration;
			buildSettings = {
				ASSETCATALOG_COMPILER_APPICON_NAME = AppIcon;
				CODE_SIGN_STYLE = Automatic;
				DEVELOPMENT_TEAM = 4QK9VWL9SR;
				INFOPLIST_FILE = concentration/Info.plist;
				LD_RUNPATH_SEARCH_PATHS = (
					"$(inherited)",
					"@executable_path/Frameworks",
				);
				PRODUCT_BUNDLE_IDENTIFIER = davidattaie.concentration;
				PRODUCT_NAME = "$(TARGET_NAME)";
				TARGETED_DEVICE_FAMILY = "1,2";
			};
			name = Release;
		};
/* End XCBuildConfiguration section */

/* Begin XCConfigurationList section */
		633515752144BD1700A28320 /* Build configuration list for PBXProject "concentration" */ = {
			isa = XCConfigurationList;
			buildConfigurations = (
				6335158E2144BD1800A28320 /* Debug */,
				6335158F2144BD1800A28320 /* Release */,
			);
			defaultConfigurationIsVisible = 0;
			defaultConfigurationName = Release;
		};
		633515902144BD1800A28320 /* Build configuration list for PBXNativeTarget "concentration" */ = {
			isa = XCConfigurationList;
			buildConfigurations = (
				633515912144BD1800A28320 /* Debug */,
				633515922144BD1800A28320 /* Release */,
			);
			defaultConfigurationIsVisible = 0;
			defaultConfigurationName = Release;
		};
/* End XCConfigurationList section */
	};
	rootObject = 633515722144BD1700A28320 /* Project object */;
}
